
Microsoft Visual Studio Solution File, Format Version 12.00
# Visual Studio 15
VisualStudioVersion = 15.0.27130.2010
MinimumVisualStudioVersion = 10.0.40219.1
Project("{FAE04EC0-301F-11D3-BF4B-00C04F79EFBC}") = "DensityBrot", "src\DensityBrot.csproj", "{142D3017-8D97-4A9D-B9CD-B9442A51AAD6}"
EndProject
Project("{FAE04EC0-301F-11D3-BF4B-00C04F79EFBC}") = "HugeStructures", "HugeStructures\src\HugeStructures.csproj", "{A51CC5AC-1B55-43A3-A941-6DE2BA43DEB0}"
EndProject
Global
	GlobalSection(SolutionConfigurationPlatforms) = preSolution
		Debug|Any CPU = Debug|Any CPU
		Release|Any CPU = Release|Any CPU
	EndGlobalSection
	GlobalSection(ProjectConfigurationPlatforms) = postSolution
		{142D3017-8D97-4A9D-B9CD-B9442A51AAD6}.Debug|Any CPU.ActiveCfg = Debug|Any CPU
		{142D3017-8D97-4A9D-B9CD-B9442A51AAD6}.Debug|Any CPU.Build.0 = Debug|Any CPU
		{142D3017-8D97-4A9D-B9CD-B9442A51AAD6}.Release|Any CPU.ActiveCfg = Release|Any CPU
		{142D3017-8D97-4A9D-B9CD-B9442A51AAD6}.Release|Any CPU.Build.0 = Release|Any CPU
		{A51CC5AC-1B55-43A3-A941-6DE2BA43DEB0}.Debug|Any CPU.ActiveCfg = Debug|Any CPU
		{A51CC5AC-1B55-43A3-A941-6DE2BA43DEB0}.Debug|Any CPU.Build.0 = Debug|Any CPU
		{A51CC5AC-1B55-43A3-A941-6DE2BA43DEB0}.Release|Any CPU.ActiveCfg = Release|Any CPU
		{A51CC5AC-1B55-43A3-A941-6DE2BA43DEB0}.Release|Any CPU.Build.0 = Release|Any CPU
		{45F6BE30-989A-4749-B6A0-69099C8661F4}.Debug|Any CPU.ActiveCfg = Debug|Any CPU
		{45F6BE30-989A-4749-B6A0-69099C8661F4}.Debug|Any CPU.Build.0 = Debug|Any CPU
		{45F6BE30-989A-4749-B6A0-69099C8661F4}.Release|Any CPU.ActiveCfg = Release|Any CPU
		{45F6BE30-989A-4749-B6A0-69099C8661F4}.Release|Any CPU.Build.0 = Release|Any CPU
	EndGlobalSection
	GlobalSection(SolutionProperties) = preSolution
		HideSolutionNode = FALSE
	EndGlobalSection
	GlobalSection(ExtensibilityGlobals) = postSolution
		SolutionGuid = {C42C6946-910B-4549-A9D6-F10512410DDB}
	EndGlobalSection
EndGlobal
